
Microsoft Visual Studio Solution File, Format Version 12.00
# Visual Studio Version 16
VisualStudioVersion = 16.0.30621.155
MinimumVisualStudioVersion = 10.0.40219.1
Project("{FAE04EC0-301F-11D3-BF4B-00C04F79EFBC}") = "BlazorFlappyBirdApp", "BlazorFlappyBirdApp\BlazorFlappyBirdApp.csproj", "{B7A9EC26-2918-41ED-8FD0-3BA95E80DA03}"
EndProject
Global
	GlobalSection(SolutionConfigurationPlatforms) = preSolution
		Debug|Any CPU = Debug|Any CPU
		Release|Any CPU = Release|Any CPU
	EndGlobalSection
	GlobalSection(ProjectConfigurationPlatforms) = postSolution
		{B7A9EC26-2918-41ED-8FD0-3BA95E80DA03}.Debug|Any CPU.ActiveCfg = Debug|Any CPU
		{B7A9EC26-2918-41ED-8FD0-3BA95E80DA03}.Debug|Any CPU.Build.0 = Debug|Any CPU
		{B7A9EC26-2918-41ED-8FD0-3BA95E80DA03}.Release|Any CPU.ActiveCfg = Release|Any CPU
		{B7A9EC26-2918-41ED-8FD0-3BA95E80DA03}.Release|Any CPU.Build.0 = Release|Any CPU
	EndGlobalSection
	GlobalSection(SolutionProperties) = preSolution
		HideSolutionNode = FALSE
	EndGlobalSection
	GlobalSection(ExtensibilityGlobals) = postSolution
		SolutionGuid = {1AB6821D-48B1-4BC0-802E-EE4BE053560F}
	EndGlobalSection
EndGlobal
